
Microsoft Visual Studio Solution File, Format Version 12.00
# Visual Studio Version 17
VisualStudioVersion = 17.8.34525.116
MinimumVisualStudioVersion = 10.0.40219.1
Project("{9A19103F-16F7-4668-BE54-9A1E7A4F7556}") = "KLib.Demo.NativeAot.SqliteLowLevel", "KLib.Demo.NativeAot.SqliteLowLevel.csproj", "{78C73ECD-D4A2-4F90-BB24-1DE59F9C175B}"
EndProject
Global
	GlobalSection(SolutionConfigurationPlatforms) = preSolution
		Debug|Any CPU = Debug|Any CPU
		Release|Any CPU = Release|Any CPU
	EndGlobalSection
	GlobalSection(ProjectConfigurationPlatforms) = postSolution
		{78C73ECD-D4A2-4F90-BB24-1DE59F9C175B}.Debug|Any CPU.ActiveCfg = Debug|Any CPU
		{78C73ECD-D4A2-4F90-BB24-1DE59F9C175B}.Debug|Any CPU.Build.0 = Debug|Any CPU
		{78C73ECD-D4A2-4F90-BB24-1DE59F9C175B}.Release|Any CPU.ActiveCfg = Release|Any CPU
		{78C73ECD-D4A2-4F90-BB24-1DE59F9C175B}.Release|Any CPU.Build.0 = Release|Any CPU
	EndGlobalSection
	GlobalSection(SolutionProperties) = preSolution
		HideSolutionNode = FALSE
	EndGlobalSection
	GlobalSection(ExtensibilityGlobals) = postSolution
		SolutionGuid = {6C672C45-6B52-4FED-895E-3DC49A8AA2B1}
	EndGlobalSection
EndGlobal
